
Microsoft Visual Studio Solution File, Format Version 12.00
# Visual Studio Version 17
VisualStudioVersion = 17.1.32421.90
MinimumVisualStudioVersion = 10.0.40219.1
Project("{9A19103F-16F7-4668-BE54-9A1E7A4F7556}") = "tog-bingo", "tog-bingo.csproj", "{B344C043-CDA5-47A9-97EA-9DBA0E478206}"
EndProject
Global
	GlobalSection(SolutionConfigurationPlatforms) = preSolution
		Debug|Any CPU = Debug|Any CPU
		Release|Any CPU = Release|Any CPU
	EndGlobalSection
	GlobalSection(ProjectConfigurationPlatforms) = postSolution
		{B344C043-CDA5-47A9-97EA-9DBA0E478206}.Debug|Any CPU.ActiveCfg = Debug|Any CPU
		{B344C043-CDA5-47A9-97EA-9DBA0E478206}.Debug|Any CPU.Build.0 = Debug|Any CPU
		{B344C043-CDA5-47A9-97EA-9DBA0E478206}.Release|Any CPU.ActiveCfg = Release|Any CPU
		{B344C043-CDA5-47A9-97EA-9DBA0E478206}.Release|Any CPU.Build.0 = Release|Any CPU
	EndGlobalSection
	GlobalSection(SolutionProperties) = preSolution
		HideSolutionNode = FALSE
	EndGlobalSection
	GlobalSection(ExtensibilityGlobals) = postSolution
		SolutionGuid = {4B9F4CD8-7580-4654-A5C1-4BF188499241}
	EndGlobalSection
EndGlobal
